{
  "name": "mountain",
  "version": "1.0..0",
  "lockfileVersion": 3,
  "requires": true,
  "packages": {
    "": {
      "name": "mountain",
      "version": "1.0..0",
      "dependencies": {
        "@types/jqueryui": "^1.12.17",
        "leaflet": "^1.9.4",
        "typescript": "^5.1.6"
      },
      "devDependencies": {
        "@types/google.maps": "^3.53.6",
        "@types/jquery": "^2.0.60",
        "@types/leaflet": "^1.9.3",
        "jqueryui": "^1.11.1"
      }
    },
    "node_modules/@types/geojson": {
      "version": "7946.0.10",
      "resolved": "https://registry.npmjs.org/@types/geojson/-/geojson-7946.0.10.tgz",
      "integrity": "sha512-Nmh0K3iWQJzniTuPRcJn5hxXkfB1T1pgB89SBig5PlJQU5yocazeu4jATJlaA0GYFKWMqDdvYemoSnF2pXgLVA==",
      "dev": true
    },
    "node_modules/@types/google.maps": {
      "version": "3.53.6",
      "resolved": "https://registry.npmjs.org/@types/google.maps/-/google.maps-3.53.6.tgz",
      "integrity": "sha512-zDU8c7K0YR1Ob7Wn0qCSQvICIuxilZH9KFIDHK6JO/5QzqEMv8e4+9bmyoDEktA9vPNmwP++zzg65h9y53iZ6Q==",
      "dev": true
    },
    "node_modules/@types/jquery": {
      "version": "2.0.60",
      "resolved": "https://registry.npmjs.org/@types/jquery/-/jquery-2.0.60.tgz",
      "integrity": "sha512-izi6OBEVrAwaHiqWITjOPBbVtcKZKAXTocJqPZsAKA2lvmbpFEyPSAxgcqmisbiMYj9EvrooUEPLHQeQqVMWAg=="
    },
    "node_modules/@types/jqueryui": {
      "version": "1.12.17",
      "resolved": "https://registry.npmjs.org/@types/jqueryui/-/jqueryui-1.12.17.tgz",
      "integrity": "sha512-rqiCaZO7d1rAcJVXNSV6MYwt42oB4ArTRr0QbU3f4+Siv0d6m9uRkhiKHpc6oL9NFJKDxzIIDvUeMXTtlJFFaA==",
      "dependencies": {
        "@types/jquery": "*"
      }
    },
    "node_modules/@types/leaflet": {
      "version": "1.9.3",
      "resolved": "https://registry.npmjs.org/@types/leaflet/-/leaflet-1.9.3.tgz",
      "integrity": "sha512-Caa1lYOgKVqDkDZVWkto2Z5JtVo09spEaUt2S69LiugbBpoqQu92HYFMGUbYezZbnBkyOxMNPXHSgRrRY5UyIA==",
      "dev": true,
      "dependencies": {
        "@types/geojson": "*"
      }
    },
    "node_modules/jqueryui": {
      "version": "1.11.1",
      "resolved": "https://registry.npmjs.org/jqueryui/-/jqueryui-1.11.1.tgz",
      "integrity": "sha512-w3k80seYwcirTMG7fhd1MfqYx2dMO9fEi+I0vUN5hbX5+y7YIWySJkFsCBj4UBNuFcYOfUk6I63sUG/hCawdZA==",
      "dev": true
    },
    "node_modules/leaflet": {
      "version": "1.9.4",
      "resolved": "https://registry.npmjs.org/leaflet/-/leaflet-1.9.4.tgz",
      "integrity": "sha512-nxS1ynzJOmOlHp+iL3FyWqK89GtNL8U8rvlMOsQdTTssxZwCXh8N2NB3GDQOL+YR3XnWyZAxwQixURb+FA74PA=="
    },
    "node_modules/typescript": {
      "version": "5.1.6",
      "resolved": "https://registry.npmjs.org/typescript/-/typescript-5.1.6.tgz",
      "integrity": "sha512-zaWCozRZ6DLEWAWFrVDz1H6FVXzUSfTy5FUMWsQlU8Ym5JP9eO4xkTIROFCQvhQf61z6O/G6ugw3SgAnvvm+HA==",
      "bin": {
        "tsc": "bin/tsc",
        "tsserver": "bin/tsserver"
      },
      "engines": {
        "node": ">=14.17"
      }
    }
  }
}
